# @generated by Move, please check-in and do not edit manually.

[move]
version = 3
manifest_digest = "BA1DCC5435CBFBE1AACE3BA99588893FA0646AE1C5E9956CC5AD9581035538D3"
deps_digest = "F8BBB0CCB2491CA29A3DF03D6F92277A4F3574266507ACD77214D37ECA3F3082"
dependencies = [
  { id = "Sui", name = "Sui" },
]

[[move.package]]
id = "MoveStdlib"
source = { git = "https://github.com/MystenLabs/sui.git", rev = "main", subdir = "crates/sui-framework/packages/move-stdlib" }

[[move.package]]
id = "Sui"
source = { git = "https://github.com/MystenLabs/sui.git", rev = "main", subdir = "crates/sui-framework/packages/sui-framework" }

dependencies = [
  { id = "MoveStdlib", name = "MoveStdlib" },
]

[move.toolchain-version]
compiler-version = "1.60.0"
edition = "2024.beta"
flavor = "sui"

[env]

[env.testnet-alts]
chain-id = "4c78adac"
original-published-id = "0x1c2dd5cfaecda72a2d1fbeb48032be68667d760a4f56fa93848a004701d700f8"
latest-published-id = "0x1c2dd5cfaecda72a2d1fbeb48032be68667d760a4f56fa93848a004701d700f8"
published-version = "1"
